
Microsoft Visual Studio Solution File, Format Version 12.00
# Visual Studio 15
VisualStudioVersion = 15.0.27703.2000
MinimumVisualStudioVersion = 10.0.40219.1
Project("{9A19103F-16F7-4668-BE54-9A1E7A4F7556}") = "CubeIt", "CubeIt\CubeIt.csproj", "{806A47C5-B0A4-4210-957C-17F96D9040AC}"
EndProject
Project("{FAE04EC0-301F-11D3-BF4B-00C04F79EFBC}") = "CubeIt.Tests", "CubeIt.Tests\CubeIt.Tests.csproj", "{AD4FB048-286F-4A42-8703-8AA354DDB412}"
EndProject
Global
	GlobalSection(SolutionConfigurationPlatforms) = preSolution
		Debug|Any CPU = Debug|Any CPU
		Release|Any CPU = Release|Any CPU
	EndGlobalSection
	GlobalSection(ProjectConfigurationPlatforms) = postSolution
		{806A47C5-B0A4-4210-957C-17F96D9040AC}.Debug|Any CPU.ActiveCfg = Debug|Any CPU
		{806A47C5-B0A4-4210-957C-17F96D9040AC}.Debug|Any CPU.Build.0 = Debug|Any CPU
		{806A47C5-B0A4-4210-957C-17F96D9040AC}.Release|Any CPU.ActiveCfg = Release|Any CPU
		{806A47C5-B0A4-4210-957C-17F96D9040AC}.Release|Any CPU.Build.0 = Release|Any CPU
		{AD4FB048-286F-4A42-8703-8AA354DDB412}.Debug|Any CPU.ActiveCfg = Debug|Any CPU
		{AD4FB048-286F-4A42-8703-8AA354DDB412}.Debug|Any CPU.Build.0 = Debug|Any CPU
		{AD4FB048-286F-4A42-8703-8AA354DDB412}.Release|Any CPU.ActiveCfg = Release|Any CPU
		{AD4FB048-286F-4A42-8703-8AA354DDB412}.Release|Any CPU.Build.0 = Release|Any CPU
	EndGlobalSection
	GlobalSection(SolutionProperties) = preSolution
		HideSolutionNode = FALSE
	EndGlobalSection
	GlobalSection(ExtensibilityGlobals) = postSolution
		SolutionGuid = {81AC8C8A-CC08-49F2-ACF4-02749344CA96}
	EndGlobalSection
EndGlobal
